
Microsoft Visual Studio Solution File, Format Version 12.00
# Visual Studio Version 16
VisualStudioVersion = 16.0.29728.190
MinimumVisualStudioVersion = 10.0.40219.1
Project("{FAE04EC0-301F-11D3-BF4B-00C04F79EFBC}") = "WebScrapeExample", "WebScrapeExample.csproj", "{7C602E2D-6C24-4D98-923F-55F19B2E68D6}"
EndProject
Global
	GlobalSection(SolutionConfigurationPlatforms) = preSolution
		Debug|Any CPU = Debug|Any CPU
		Release|Any CPU = Release|Any CPU
	EndGlobalSection
	GlobalSection(ProjectConfigurationPlatforms) = postSolution
		{7C602E2D-6C24-4D98-923F-55F19B2E68D6}.Debug|Any CPU.ActiveCfg = Debug|Any CPU
		{7C602E2D-6C24-4D98-923F-55F19B2E68D6}.Debug|Any CPU.Build.0 = Debug|Any CPU
		{7C602E2D-6C24-4D98-923F-55F19B2E68D6}.Release|Any CPU.ActiveCfg = Release|Any CPU
		{7C602E2D-6C24-4D98-923F-55F19B2E68D6}.Release|Any CPU.Build.0 = Release|Any CPU
	EndGlobalSection
	GlobalSection(SolutionProperties) = preSolution
		HideSolutionNode = FALSE
	EndGlobalSection
	GlobalSection(ExtensibilityGlobals) = postSolution
		SolutionGuid = {86918B6B-7972-4D00-AB40-404ED9C06EF7}
	EndGlobalSection
EndGlobal
